// !$*UTF8*$!
{
	archiveVersion = 1;
	classes = {
	};
	objectVersion = 56;
	objects = {

/* Begin PBXBuildFile section */
		861CE80E293B1A82005C37D8 /* NetworkingManager.swift in Sources */ = {isa = PBXBuildFile; fileRef = 861CE80D293B1A82005C37D8 /* NetworkingManager.swift */; };
		868AA75729391AEB001693C7 /* MainCoinView.swift in Sources */ = {isa = PBXBuildFile; fileRef = 868AA75629391AEB001693C7 /* MainCoinView.swift */; };
		868AA75929391AEC001693C7 /* Assets.xcassets in Resources */ = {isa = PBXBuildFile; fileRef = 868AA75829391AEC001693C7 /* Assets.xcassets */; };
		868AA75C29391AEC001693C7 /* Preview Assets.xcassets in Resources */ = {isa = PBXBuildFile; fileRef = 868AA75B29391AEC001693C7 /* Preview Assets.xcassets */; };
		868AA76429391B53001693C7 /* ComposableArchitecture in Frameworks */ = {isa = PBXBuildFile; productRef = 868AA76329391B53001693C7 /* ComposableArchitecture */; };
		868AA76629391B53001693C7 /* Dependencies in Frameworks */ = {isa = PBXBuildFile; productRef = 868AA76529391B53001693C7 /* Dependencies */; };
		868AA76929391B8A001693C7 /* LinkNavigator in Frameworks */ = {isa = PBXBuildFile; productRef = 868AA76829391B8A001693C7 /* LinkNavigator */; };
		868AA76E29391C20001693C7 /* AppRouterGroup.swift in Sources */ = {isa = PBXBuildFile; fileRef = 868AA76D29391C20001693C7 /* AppRouterGroup.swift */; };
		868AA77029391C90001693C7 /* AppDelegate.swift in Sources */ = {isa = PBXBuildFile; fileRef = 868AA76F29391C90001693C7 /* AppDelegate.swift */; };
		868AA77229391CC7001693C7 /* AppMain.swift in Sources */ = {isa = PBXBuildFile; fileRef = 868AA77129391CC7001693C7 /* AppMain.swift */; };
		868AA777293A140F001693C7 /* AppSideEffect.swift in Sources */ = {isa = PBXBuildFile; fileRef = 868AA776293A140F001693C7 /* AppSideEffect.swift */; };
		868AA779293A15D1001693C7 /* MainCoinCore.swift in Sources */ = {isa = PBXBuildFile; fileRef = 868AA778293A15D1001693C7 /* MainCoinCore.swift */; };
		868AA77B293A15E6001693C7 /* MainCoinRouteBbuilder.swift in Sources */ = {isa = PBXBuildFile; fileRef = 868AA77A293A15E6001693C7 /* MainCoinRouteBbuilder.swift */; };
		868AA77D293A1634001693C7 /* MainCoinSideEffect.swift in Sources */ = {isa = PBXBuildFile; fileRef = 868AA77C293A1634001693C7 /* MainCoinSideEffect.swift */; };
		868AA785293A1B5F001693C7 /* SettingCore.swift in Sources */ = {isa = PBXBuildFile; fileRef = 868AA783293A1B5F001693C7 /* SettingCore.swift */; };
		868AA786293A1B5F001693C7 /* SettingView.swift in Sources */ = {isa = PBXBuildFile; fileRef = 868AA782293A1B5F001693C7 /* SettingView.swift */; };
		868AA787293A1B5F001693C7 /* SettingSideEffect.swift in Sources */ = {isa = PBXBuildFile; fileRef = 868AA781293A1B5F001693C7 /* SettingSideEffect.swift */; };
		868AA788293A1B5F001693C7 /* SettingRouteBbuilder.swift in Sources */ = {isa = PBXBuildFile; fileRef = 868AA784293A1B5F001693C7 /* SettingRouteBbuilder.swift */; };
/* End PBXBuildFile section */

/* Begin PBXFileReference section */
		861CE80D293B1A82005C37D8 /* NetworkingManager.swift */ = {isa = PBXFileReference; lastKnownFileType = sourcecode.swift; path = NetworkingManager.swift; sourceTree = "<group>"; };
		868AA75129391AEB001693C7 /* TCAProject.app */ = {isa = PBXFileReference; explicitFileType = wrapper.application; includeInIndex = 0; path = TCAProject.app; sourceTree = BUILT_PRODUCTS_DIR; };
		868AA75629391AEB001693C7 /* MainCoinView.swift */ = {isa = PBXFileReference; lastKnownFileType = sourcecode.swift; path = MainCoinView.swift; sourceTree = "<group>"; };
		868AA75829391AEC001693C7 /* Assets.xcassets */ = {isa = PBXFileReference; lastKnownFileType = folder.assetcatalog; path = Assets.xcassets; sourceTree = "<group>"; };
		868AA75B29391AEC001693C7 /* Preview Assets.xcassets */ = {isa = PBXFileReference; lastKnownFileType = folder.assetcatalog; path = "Preview Assets.xcassets"; sourceTree = "<group>"; };
		868AA76D29391C20001693C7 /* AppRouterGroup.swift */ = {isa = PBXFileReference; lastKnownFileType = sourcecode.swift; path = AppRouterGroup.swift; sourceTree = "<group>"; };
		868AA76F29391C90001693C7 /* AppDelegate.swift */ = {isa = PBXFileReference; lastKnownFileType = sourcecode.swift; path = AppDelegate.swift; sourceTree = "<group>"; };
		868AA77129391CC7001693C7 /* AppMain.swift */ = {isa = PBXFileReference; lastKnownFileType = sourcecode.swift; path = AppMain.swift; sourceTree = "<group>"; };
		868AA776293A140F001693C7 /* AppSideEffect.swift */ = {isa = PBXFileReference; lastKnownFileType = sourcecode.swift; path = AppSideEffect.swift; sourceTree = "<group>"; };
		868AA778293A15D1001693C7 /* MainCoinCore.swift */ = {isa = PBXFileReference; lastKnownFileType = sourcecode.swift; path = MainCoinCore.swift; sourceTree = "<group>"; };
		868AA77A293A15E6001693C7 /* MainCoinRouteBbuilder.swift */ = {isa = PBXFileReference; lastKnownFileType = sourcecode.swift; path = MainCoinRouteBbuilder.swift; sourceTree = "<group>"; };
		868AA77C293A1634001693C7 /* MainCoinSideEffect.swift */ = {isa = PBXFileReference; lastKnownFileType = sourcecode.swift; path = MainCoinSideEffect.swift; sourceTree = "<group>"; };
		868AA781293A1B5F001693C7 /* SettingSideEffect.swift */ = {isa = PBXFileReference; lastKnownFileType = sourcecode.swift; path = SettingSideEffect.swift; sourceTree = "<group>"; };
		868AA782293A1B5F001693C7 /* SettingView.swift */ = {isa = PBXFileReference; lastKnownFileType = sourcecode.swift; path = SettingView.swift; sourceTree = "<group>"; };
		868AA783293A1B5F001693C7 /* SettingCore.swift */ = {isa = PBXFileReference; lastKnownFileType = sourcecode.swift; path = SettingCore.swift; sourceTree = "<group>"; };
		868AA784293A1B5F001693C7 /* SettingRouteBbuilder.swift */ = {isa = PBXFileReference; lastKnownFileType = sourcecode.swift; path = SettingRouteBbuilder.swift; sourceTree = "<group>"; };
/* End PBXFileReference section */

/* Begin PBXFrameworksBuildPhase section */
		868AA74E29391AEB001693C7 /* Frameworks */ = {
			isa = PBXFrameworksBuildPhase;
			buildActionMask = 2147483647;
			files = (
				868AA76429391B53001693C7 /* ComposableArchitecture in Frameworks */,
				868AA76629391B53001693C7 /* Dependencies in Frameworks */,
				868AA76929391B8A001693C7 /* LinkNavigator in Frameworks */,
			);
			runOnlyForDeploymentPostprocessing = 0;
		};
/* End PBXFrameworksBuildPhase section */

/* Begin PBXGroup section */
		861CE80B293A6E58005C37D8 /* Network */ = {
			isa = PBXGroup;
			children = (
			);
			path = Network;
			sourceTree = "<group>";
		};
		861CE80C293B1A62005C37D8 /* NetworkingManager */ = {
			isa = PBXGroup;
			children = (
				861CE80D293B1A82005C37D8 /* NetworkingManager.swift */,
			);
			path = NetworkingManager;
			sourceTree = "<group>";
		};
		868AA74829391AEB001693C7 = {
			isa = PBXGroup;
			children = (
				868AA75329391AEB001693C7 /* TCAProject */,
				868AA75229391AEB001693C7 /* Products */,
			);
			sourceTree = "<group>";
		};
		868AA75229391AEB001693C7 /* Products */ = {
			isa = PBXGroup;
			children = (
				868AA75129391AEB001693C7 /* TCAProject.app */,
			);
			name = Products;
			sourceTree = "<group>";
		};
		868AA75329391AEB001693C7 /* TCAProject */ = {
			isa = PBXGroup;
			children = (
				861CE80C293B1A62005C37D8 /* NetworkingManager */,
				861CE80B293A6E58005C37D8 /* Network */,
				868AA76A29391BDC001693C7 /* LinkNavigator */,
				868AA77329391D8C001693C7 /* MainCoin */,
				868AA77E293A1AC5001693C7 /* Setting */,
				868AA75829391AEC001693C7 /* Assets.xcassets */,
				868AA75A29391AEC001693C7 /* Preview Content */,
			);
			path = TCAProject;
			sourceTree = "<group>";
		};
		868AA75A29391AEC001693C7 /* Preview Content */ = {
			isa = PBXGroup;
			children = (
				868AA75B29391AEC001693C7 /* Preview Assets.xcassets */,
			);
			path = "Preview Content";
			sourceTree = "<group>";
		};
		868AA76A29391BDC001693C7 /* LinkNavigator */ = {
			isa = PBXGroup;
			children = (
				868AA76D29391C20001693C7 /* AppRouterGroup.swift */,
				868AA76F29391C90001693C7 /* AppDelegate.swift */,
				868AA77129391CC7001693C7 /* AppMain.swift */,
				868AA776293A140F001693C7 /* AppSideEffect.swift */,
			);
			path = LinkNavigator;
			sourceTree = "<group>";
		};
		868AA77329391D8C001693C7 /* MainCoin */ = {
			isa = PBXGroup;
			children = (
				868AA75629391AEB001693C7 /* MainCoinView.swift */,
				868AA778293A15D1001693C7 /* MainCoinCore.swift */,
				868AA77C293A1634001693C7 /* MainCoinSideEffect.swift */,
				868AA77A293A15E6001693C7 /* MainCoinRouteBbuilder.swift */,
			);
			path = MainCoin;
			sourceTree = "<group>";
		};
		868AA77E293A1AC5001693C7 /* Setting */ = {
			isa = PBXGroup;
			children = (
				868AA782293A1B5F001693C7 /* SettingView.swift */,
				868AA783293A1B5F001693C7 /* SettingCore.swift */,
				868AA781293A1B5F001693C7 /* SettingSideEffect.swift */,
				868AA784293A1B5F001693C7 /* SettingRouteBbuilder.swift */,
			);
			path = Setting;
			sourceTree = "<group>";
		};
/* End PBXGroup section */

/* Begin PBXNativeTarget section */
		868AA75029391AEB001693C7 /* TCAProject */ = {
			isa = PBXNativeTarget;
			buildConfigurationList = 868AA75F29391AEC001693C7 /* Build configuration list for PBXNativeTarget "TCAProject" */;
			buildPhases = (
				868AA74D29391AEB001693C7 /* Sources */,
				868AA74E29391AEB001693C7 /* Frameworks */,
				868AA74F29391AEB001693C7 /* Resources */,
			);
			buildRules = (
			);
			dependencies = (
			);
			name = TCAProject;
			packageProductDependencies = (
				868AA76329391B53001693C7 /* ComposableArchitecture */,
				868AA76529391B53001693C7 /* Dependencies */,
				868AA76829391B8A001693C7 /* LinkNavigator */,
			);
			productName = TCAProject;
			productReference = 868AA75129391AEB001693C7 /* TCAProject.app */;
			productType = "com.apple.product-type.application";
		};
/* End PBXNativeTarget section */

/* Begin PBXProject section */
		868AA74929391AEB001693C7 /* Project object */ = {
			isa = PBXProject;
			attributes = {
				BuildIndependentTargetsInParallel = 1;
				LastSwiftUpdateCheck = 1410;
				LastUpgradeCheck = 1410;
				TargetAttributes = {
					868AA75029391AEB001693C7 = {
						CreatedOnToolsVersion = 14.1;
					};
				};
			};
			buildConfigurationList = 868AA74C29391AEB001693C7 /* Build configuration list for PBXProject "TCAProject" */;
			compatibilityVersion = "Xcode 14.0";
			developmentRegion = en;
			hasScannedForEncodings = 0;
			knownRegions = (
				en,
				Base,
			);
			mainGroup = 868AA74829391AEB001693C7;
			packageReferences = (
				868AA76229391B53001693C7 /* XCRemoteSwiftPackageReference "swift-composable-architecture" */,
				868AA76729391B8A001693C7 /* XCRemoteSwiftPackageReference "LinkNavigator" */,
			);
			productRefGroup = 868AA75229391AEB001693C7 /* Products */;
			projectDirPath = "";
			projectRoot = "";
			targets = (
				868AA75029391AEB001693C7 /* TCAProject */,
			);
		};
/* End PBXProject section */

/* Begin PBXResourcesBuildPhase section */
		868AA74F29391AEB001693C7 /* Resources */ = {
			isa = PBXResourcesBuildPhase;
			buildActionMask = 2147483647;
			files = (
				868AA75C29391AEC001693C7 /* Preview Assets.xcassets in Resources */,
				868AA75929391AEC001693C7 /* Assets.xcassets in Resources */,
			);
			runOnlyForDeploymentPostprocessing = 0;
		};
/* End PBXResourcesBuildPhase section */

/* Begin PBXSourcesBuildPhase section */
		868AA74D29391AEB001693C7 /* Sources */ = {
			isa = PBXSourcesBuildPhase;
			buildActionMask = 2147483647;
			files = (
				868AA75729391AEB001693C7 /* MainCoinView.swift in Sources */,
				868AA779293A15D1001693C7 /* MainCoinCore.swift in Sources */,
				868AA777293A140F001693C7 /* AppSideEffect.swift in Sources */,
				868AA787293A1B5F001693C7 /* SettingSideEffect.swift in Sources */,
				868AA788293A1B5F001693C7 /* SettingRouteBbuilder.swift in Sources */,
				868AA77D293A1634001693C7 /* MainCoinSideEffect.swift in Sources */,
				868AA76E29391C20001693C7 /* AppRouterGroup.swift in Sources */,
				868AA786293A1B5F001693C7 /* SettingView.swift in Sources */,
				861CE80E293B1A82005C37D8 /* NetworkingManager.swift in Sources */,
				868AA77B293A15E6001693C7 /* MainCoinRouteBbuilder.swift in Sources */,
				868AA77029391C90001693C7 /* AppDelegate.swift in Sources */,
				868AA785293A1B5F001693C7 /* SettingCore.swift in Sources */,
				868AA77229391CC7001693C7 /* AppMain.swift in Sources */,
			);
			runOnlyForDeploymentPostprocessing = 0;
		};
/* End PBXSourcesBuildPhase section */

/* Begin XCBuildConfiguration section */
		868AA75D29391AEC001693C7 /* Debug */ = {
			isa = XCBuildConfiguration;
			buildSettings = {
				ALWAYS_SEARCH_USER_PATHS = NO;
				CLANG_ANALYZER_NONNULL = YES;
				CLANG_ANALYZER_NUMBER_OBJECT_CONVERSION = YES_AGGRESSIVE;
				CLANG_CXX_LANGUAGE_STANDARD = "gnu++20";
				CLANG_ENABLE_MODULES = YES;
				CLANG_ENABLE_OBJC_ARC = YES;
				CLANG_ENABLE_OBJC_WEAK = YES;
				CLANG_WARN_BLOCK_CAPTURE_AUTORELEASING = YES;
				CLANG_WARN_BOOL_CONVERSION = YES;
				CLANG_WARN_COMMA = YES;
				CLANG_WARN_CONSTANT_CONVERSION = YES;
				CLANG_WARN_DEPRECATED_OBJC_IMPLEMENTATIONS = YES;
				CLANG_WARN_DIRECT_OBJC_ISA_USAGE = YES_ERROR;
				CLANG_WARN_DOCUMENTATION_COMMENTS = YES;
				CLANG_WARN_EMPTY_BODY = YES;
				CLANG_WARN_ENUM_CONVERSION = YES;
				CLANG_WARN_INFINITE_RECURSION = YES;
				CLANG_WARN_INT_CONVERSION = YES;
				CLANG_WARN_NON_LITERAL_NULL_CONVERSION = YES;
				CLANG_WARN_OBJC_IMPLICIT_RETAIN_SELF = YES;
				CLANG_WARN_OBJC_LITERAL_CONVERSION = YES;
				CLANG_WARN_OBJC_ROOT_CLASS = YES_ERROR;
				CLANG_WARN_QUOTED_INCLUDE_IN_FRAMEWORK_HEADER = YES;
				CLANG_WARN_RANGE_LOOP_ANALYSIS = YES;
				CLANG_WARN_STRICT_PROTOTYPES = YES;
				CLANG_WARN_SUSPICIOUS_MOVE = YES;
				CLANG_WARN_UNGUARDED_AVAILABILITY = YES_AGGRESSIVE;
				CLANG_WARN_UNREACHABLE_CODE = YES;
				CLANG_WARN__DUPLICATE_METHOD_MATCH = YES;
				COPY_PHASE_STRIP = NO;
				DEBUG_INFORMATION_FORMAT = dwarf;
				ENABLE_STRICT_OBJC_MSGSEND = YES;
				ENABLE_TESTABILITY = YES;
				GCC_C_LANGUAGE_STANDARD = gnu11;
				GCC_DYNAMIC_NO_PIC = NO;
				GCC_NO_COMMON_BLOCKS = YES;
				GCC_OPTIMIZATION_LEVEL = 0;
				GCC_PREPROCESSOR_DEFINITIONS = (
					"DEBUG=1",
					"$(inherited)",
				);
				GCC_WARN_64_TO_32_BIT_CONVERSION = YES;
				GCC_WARN_ABOUT_RETURN_TYPE = YES_ERROR;
				GCC_WARN_UNDECLARED_SELECTOR = YES;
				GCC_WARN_UNINITIALIZED_AUTOS = YES_AGGRESSIVE;
				GCC_WARN_UNUSED_FUNCTION = YES;
				GCC_WARN_UNUSED_VARIABLE = YES;
				IPHONEOS_DEPLOYMENT_TARGET = 16.1;
				MTL_ENABLE_DEBUG_INFO = INCLUDE_SOURCE;
				MTL_FAST_MATH = YES;
				ONLY_ACTIVE_ARCH = YES;
				SDKROOT = iphoneos;
				SWIFT_ACTIVE_COMPILATION_CONDITIONS = DEBUG;
				SWIFT_OPTIMIZATION_LEVEL = "-Onone";
			};
			name = Debug;
		};
		868AA75E29391AEC001693C7 /* Release */ = {
			isa = XCBuildConfiguration;
			buildSettings = {
				ALWAYS_SEARCH_USER_PATHS = NO;
				CLANG_ANALYZER_NONNULL = YES;
				CLANG_ANALYZER_NUMBER_OBJECT_CONVERSION = YES_AGGRESSIVE;
				CLANG_CXX_LANGUAGE_STANDARD = "gnu++20";
				CLANG_ENABLE_MODULES = YES;
				CLANG_ENABLE_OBJC_ARC = YES;
				CLANG_ENABLE_OBJC_WEAK = YES;
				CLANG_WARN_BLOCK_CAPTURE_AUTORELEASING = YES;
				CLANG_WARN_BOOL_CONVERSION = YES;
				CLANG_WARN_COMMA = YES;
				CLANG_WARN_CONSTANT_CONVERSION = YES;
				CLANG_WARN_DEPRECATED_OBJC_IMPLEMENTATIONS = YES;
				CLANG_WARN_DIRECT_OBJC_ISA_USAGE = YES_ERROR;
				CLANG_WARN_DOCUMENTATION_COMMENTS = YES;
				CLANG_WARN_EMPTY_BODY = YES;
				CLANG_WARN_ENUM_CONVERSION = YES;
				CLANG_WARN_INFINITE_RECURSION = YES;
				CLANG_WARN_INT_CONVERSION = YES;
				CLANG_WARN_NON_LITERAL_NULL_CONVERSION = YES;
				CLANG_WARN_OBJC_IMPLICIT_RETAIN_SELF = YES;
				CLANG_WARN_OBJC_LITERAL_CONVERSION = YES;
				CLANG_WARN_OBJC_ROOT_CLASS = YES_ERROR;
				CLANG_WARN_QUOTED_INCLUDE_IN_FRAMEWORK_HEADER = YES;
				CLANG_WARN_RANGE_LOOP_ANALYSIS = YES;
				CLANG_WARN_STRICT_PROTOTYPES = YES;
				CLANG_WARN_SUSPICIOUS_MOVE = YES;
				CLANG_WARN_UNGUARDED_AVAILABILITY = YES_AGGRESSIVE;
				CLANG_WARN_UNREACHABLE_CODE = YES;
				CLANG_WARN__DUPLICATE_METHOD_MATCH = YES;
				COPY_PHASE_STRIP = NO;
				DEBUG_INFORMATION_FORMAT = "dwarf-with-dsym";
				ENABLE_NS_ASSERTIONS = NO;
				ENABLE_STRICT_OBJC_MSGSEND = YES;
				GCC_C_LANGUAGE_STANDARD = gnu11;
				GCC_NO_COMMON_BLOCKS = YES;
				GCC_WARN_64_TO_32_BIT_CONVERSION = YES;
				GCC_WARN_ABOUT_RETURN_TYPE = YES_ERROR;
				GCC_WARN_UNDECLARED_SELECTOR = YES;
				GCC_WARN_UNINITIALIZED_AUTOS = YES_AGGRESSIVE;
				GCC_WARN_UNUSED_FUNCTION = YES;
				GCC_WARN_UNUSED_VARIABLE = YES;
				IPHONEOS_DEPLOYMENT_TARGET = 16.1;
				MTL_ENABLE_DEBUG_INFO = NO;
				MTL_FAST_MATH = YES;
				SDKROOT = iphoneos;
				SWIFT_COMPILATION_MODE = wholemodule;
				SWIFT_OPTIMIZATION_LEVEL = "-O";
				VALIDATE_PRODUCT = YES;
			};
			name = Release;
		};
		868AA76029391AEC001693C7 /* Debug */ = {
			isa = XCBuildConfiguration;
			buildSettings = {
				ASSETCATALOG_COMPILER_APPICON_NAME = AppIcon;
				ASSETCATALOG_COMPILER_GLOBAL_ACCENT_COLOR_NAME = AccentColor;
				CODE_SIGN_STYLE = Automatic;
				CURRENT_PROJECT_VERSION = 1;
				DEVELOPMENT_ASSET_PATHS = "\"TCAProject/Preview Content\"";
				DEVELOPMENT_TEAM = YB5KQCLMY6;
				ENABLE_PREVIEWS = YES;
				GENERATE_INFOPLIST_FILE = YES;
				INFOPLIST_KEY_UIApplicationSceneManifest_Generation = YES;
				INFOPLIST_KEY_UIApplicationSupportsIndirectInputEvents = YES;
				INFOPLIST_KEY_UILaunchScreen_Generation = YES;
				INFOPLIST_KEY_UISupportedInterfaceOrientations_iPad = "UIInterfaceOrientationPortrait UIInterfaceOrientationPortraitUpsideDown UIInterfaceOrientationLandscapeLeft UIInterfaceOrientationLandscapeRight";
				INFOPLIST_KEY_UISupportedInterfaceOrientations_iPhone = "UIInterfaceOrientationPortrait UIInterfaceOrientationLandscapeLeft UIInterfaceOrientationLandscapeRight";
				LD_RUNPATH_SEARCH_PATHS = (
					"$(inherited)",
					"@executable_path/Frameworks",
				);
				MARKETING_VERSION = 1.0;
				PRODUCT_BUNDLE_IDENTIFIER = joohan.TCAProject;
				PRODUCT_NAME = "$(TARGET_NAME)";
				SWIFT_EMIT_LOC_STRINGS = YES;
				SWIFT_VERSION = 5.0;
				TARGETED_DEVICE_FAMILY = "1,2";
			};
			name = Debug;
		};
		868AA76129391AEC001693C7 /* Release */ = {
			isa = XCBuildConfiguration;
			buildSettings = {
				ASSETCATALOG_COMPILER_APPICON_NAME = AppIcon;
				ASSETCATALOG_COMPILER_GLOBAL_ACCENT_COLOR_NAME = AccentColor;
				CODE_SIGN_STYLE = Automatic;
				CURRENT_PROJECT_VERSION = 1;
				DEVELOPMENT_ASSET_PATHS = "\"TCAProject/Preview Content\"";
				DEVELOPMENT_TEAM = YB5KQCLMY6;
				ENABLE_PREVIEWS = YES;
				GENERATE_INFOPLIST_FILE = YES;
				INFOPLIST_KEY_UIApplicationSceneManifest_Generation = YES;
				INFOPLIST_KEY_UIApplicationSupportsIndirectInputEvents = YES;
				INFOPLIST_KEY_UILaunchScreen_Generation = YES;
				INFOPLIST_KEY_UISupportedInterfaceOrientations_iPad = "UIInterfaceOrientationPortrait UIInterfaceOrientationPortraitUpsideDown UIInterfaceOrientationLandscapeLeft UIInterfaceOrientationLandscapeRight";
				INFOPLIST_KEY_UISupportedInterfaceOrientations_iPhone = "UIInterfaceOrientationPortrait UIInterfaceOrientationLandscapeLeft UIInterfaceOrientationLandscapeRight";
				LD_RUNPATH_SEARCH_PATHS = (
					"$(inherited)",
					"@executable_path/Frameworks",
				);
				MARKETING_VERSION = 1.0;
				PRODUCT_BUNDLE_IDENTIFIER = joohan.TCAProject;
				PRODUCT_NAME = "$(TARGET_NAME)";
				SWIFT_EMIT_LOC_STRINGS = YES;
				SWIFT_VERSION = 5.0;
				TARGETED_DEVICE_FAMILY = "1,2";
			};
			name = Release;
		};
/* End XCBuildConfiguration section */

/* Begin XCConfigurationList section */
		868AA74C29391AEB001693C7 /* Build configuration list for PBXProject "TCAProject" */ = {
			isa = XCConfigurationList;
			buildConfigurations = (
				868AA75D29391AEC001693C7 /* Debug */,
				868AA75E29391AEC001693C7 /* Release */,
			);
			defaultConfigurationIsVisible = 0;
			defaultConfigurationName = Release;
		};
		868AA75F29391AEC001693C7 /* Build configuration list for PBXNativeTarget "TCAProject" */ = {
			isa = XCConfigurationList;
			buildConfigurations = (
				868AA76029391AEC001693C7 /* Debug */,
				868AA76129391AEC001693C7 /* Release */,
			);
			defaultConfigurationIsVisible = 0;
			defaultConfigurationName = Release;
		};
/* End XCConfigurationList section */

/* Begin XCRemoteSwiftPackageReference section */
		868AA76229391B53001693C7 /* XCRemoteSwiftPackageReference "swift-composable-architecture" */ = {
			isa = XCRemoteSwiftPackageReference;
			repositoryURL = "https://github.com/pointfreeco/swift-composable-architecture";
			requirement = {
				kind = upToNextMajorVersion;
				minimumVersion = 0.9.0;
			};
		};
		868AA76729391B8A001693C7 /* XCRemoteSwiftPackageReference "LinkNavigator" */ = {
			isa = XCRemoteSwiftPackageReference;
			repositoryURL = "https://github.com/interactord/LinkNavigator";
			requirement = {
				kind = upToNextMajorVersion;
				minimumVersion = 0.3.2;
			};
		};
/* End XCRemoteSwiftPackageReference section */

/* Begin XCSwiftPackageProductDependency section */
		868AA76329391B53001693C7 /* ComposableArchitecture */ = {
			isa = XCSwiftPackageProductDependency;
			package = 868AA76229391B53001693C7 /* XCRemoteSwiftPackageReference "swift-composable-architecture" */;
			productName = ComposableArchitecture;
		};
		868AA76529391B53001693C7 /* Dependencies */ = {
			isa = XCSwiftPackageProductDependency;
			package = 868AA76229391B53001693C7 /* XCRemoteSwiftPackageReference "swift-composable-architecture" */;
			productName = Dependencies;
		};
		868AA76829391B8A001693C7 /* LinkNavigator */ = {
			isa = XCSwiftPackageProductDependency;
			package = 868AA76729391B8A001693C7 /* XCRemoteSwiftPackageReference "LinkNavigator" */;
			productName = LinkNavigator;
		};
/* End XCSwiftPackageProductDependency section */
	};
	rootObject = 868AA74929391AEB001693C7 /* Project object */;
}
